
Microsoft Visual Studio Solution File, Format Version 12.00
# Visual Studio Version 16
VisualStudioVersion = 16.0.31729.503
MinimumVisualStudioVersion = 10.0.40219.1
Project("{FAE04EC0-301F-11D3-BF4B-00C04F79EFBC}") = "VaccinationSystem", "VaccinationSystem\VaccinationSystem.csproj", "{03720423-B02A-46A2-BBC1-80E6FCD2ED6C}"
EndProject
Global
	GlobalSection(SolutionConfigurationPlatforms) = preSolution
		Debug|Any CPU = Debug|Any CPU
		Release|Any CPU = Release|Any CPU
	EndGlobalSection
	GlobalSection(ProjectConfigurationPlatforms) = postSolution
		{03720423-B02A-46A2-BBC1-80E6FCD2ED6C}.Debug|Any CPU.ActiveCfg = Debug|Any CPU
		{03720423-B02A-46A2-BBC1-80E6FCD2ED6C}.Debug|Any CPU.Build.0 = Debug|Any CPU
		{03720423-B02A-46A2-BBC1-80E6FCD2ED6C}.Release|Any CPU.ActiveCfg = Release|Any CPU
		{03720423-B02A-46A2-BBC1-80E6FCD2ED6C}.Release|Any CPU.Build.0 = Release|Any CPU
	EndGlobalSection
	GlobalSection(SolutionProperties) = preSolution
		HideSolutionNode = FALSE
	EndGlobalSection
	GlobalSection(ExtensibilityGlobals) = postSolution
		SolutionGuid = {04169399-030A-493E-B2E3-CBED5FBF4C8D}
	EndGlobalSection
EndGlobal
