
Microsoft Visual Studio Solution File, Format Version 12.00
# Visual Studio Version 16
VisualStudioVersion = 16.0.31729.503
MinimumVisualStudioVersion = 10.0.40219.1
Project("{9A19103F-16F7-4668-BE54-9A1E7A4F7556}") = "VaccinationSystem", "VaccinationSystem\VaccinationSystem.csproj", "{03720423-B02A-46A2-BBC1-80E6FCD2ED6C}"
EndProject
Project("{9A19103F-16F7-4668-BE54-9A1E7A4F7556}") = "Backend_Tests", "Backend_Tests\Backend_Tests.csproj", "{DD32CD5A-4C5F-4F18-9914-76A407687236}"
EndProject
Global
	GlobalSection(SolutionConfigurationPlatforms) = preSolution
		Debug|Any CPU = Debug|Any CPU
		Release|Any CPU = Release|Any CPU
	EndGlobalSection
	GlobalSection(ProjectConfigurationPlatforms) = postSolution
		{03720423-B02A-46A2-BBC1-80E6FCD2ED6C}.Debug|Any CPU.ActiveCfg = Debug|Any CPU
		{03720423-B02A-46A2-BBC1-80E6FCD2ED6C}.Debug|Any CPU.Build.0 = Debug|Any CPU
		{03720423-B02A-46A2-BBC1-80E6FCD2ED6C}.Release|Any CPU.ActiveCfg = Release|Any CPU
		{03720423-B02A-46A2-BBC1-80E6FCD2ED6C}.Release|Any CPU.Build.0 = Release|Any CPU
		{DD32CD5A-4C5F-4F18-9914-76A407687236}.Debug|Any CPU.ActiveCfg = Debug|Any CPU
		{DD32CD5A-4C5F-4F18-9914-76A407687236}.Debug|Any CPU.Build.0 = Debug|Any CPU
		{DD32CD5A-4C5F-4F18-9914-76A407687236}.Release|Any CPU.ActiveCfg = Release|Any CPU
		{DD32CD5A-4C5F-4F18-9914-76A407687236}.Release|Any CPU.Build.0 = Release|Any CPU
	EndGlobalSection
	GlobalSection(SolutionProperties) = preSolution
		HideSolutionNode = FALSE
	EndGlobalSection
	GlobalSection(ExtensibilityGlobals) = postSolution
		SolutionGuid = {04169399-030A-493E-B2E3-CBED5FBF4C8D}
	EndGlobalSection
EndGlobal
